
Microsoft Visual Studio Solution File, Format Version 12.00
# Visual Studio Version 17
VisualStudioVersion = 17.5.33530.505
MinimumVisualStudioVersion = 10.0.40219.1
Project("{FAE04EC0-301F-11D3-BF4B-00C04F79EFBC}") = "LeitorNumInt", "LeitorNumInt\LeitorNumInt.csproj", "{958E82F2-0A56-4977-9D14-D8E1AEF480B5}"
EndProject
Global
	GlobalSection(SolutionConfigurationPlatforms) = preSolution
		Debug|Any CPU = Debug|Any CPU
		Release|Any CPU = Release|Any CPU
	EndGlobalSection
	GlobalSection(ProjectConfigurationPlatforms) = postSolution
		{958E82F2-0A56-4977-9D14-D8E1AEF480B5}.Debug|Any CPU.ActiveCfg = Debug|Any CPU
		{958E82F2-0A56-4977-9D14-D8E1AEF480B5}.Debug|Any CPU.Build.0 = Debug|Any CPU
		{958E82F2-0A56-4977-9D14-D8E1AEF480B5}.Release|Any CPU.ActiveCfg = Release|Any CPU
		{958E82F2-0A56-4977-9D14-D8E1AEF480B5}.Release|Any CPU.Build.0 = Release|Any CPU
	EndGlobalSection
	GlobalSection(SolutionProperties) = preSolution
		HideSolutionNode = FALSE
	EndGlobalSection
	GlobalSection(ExtensibilityGlobals) = postSolution
		SolutionGuid = {B86CB0B6-3D72-4288-A104-EC39C8D00116}
	EndGlobalSection
EndGlobal
