
Microsoft Visual Studio Solution File, Format Version 12.00
# Visual Studio Version 17
VisualStudioVersion = 17.5.33530.505
MinimumVisualStudioVersion = 10.0.40219.1
Project("{FAE04EC0-301F-11D3-BF4B-00C04F79EFBC}") = "Funcionario", "Funcionario\Funcionario.csproj", "{3443C4EC-B9CE-427C-9701-E375D26E98B9}"
EndProject
Global
	GlobalSection(SolutionConfigurationPlatforms) = preSolution
		Debug|Any CPU = Debug|Any CPU
		Release|Any CPU = Release|Any CPU
	EndGlobalSection
	GlobalSection(ProjectConfigurationPlatforms) = postSolution
		{3443C4EC-B9CE-427C-9701-E375D26E98B9}.Debug|Any CPU.ActiveCfg = Debug|Any CPU
		{3443C4EC-B9CE-427C-9701-E375D26E98B9}.Debug|Any CPU.Build.0 = Debug|Any CPU
		{3443C4EC-B9CE-427C-9701-E375D26E98B9}.Release|Any CPU.ActiveCfg = Release|Any CPU
		{3443C4EC-B9CE-427C-9701-E375D26E98B9}.Release|Any CPU.Build.0 = Release|Any CPU
	EndGlobalSection
	GlobalSection(SolutionProperties) = preSolution
		HideSolutionNode = FALSE
	EndGlobalSection
	GlobalSection(ExtensibilityGlobals) = postSolution
		SolutionGuid = {66FEC1BA-B2C1-4820-93B6-FFD260CE8102}
	EndGlobalSection
EndGlobal
