
Microsoft Visual Studio Solution File, Format Version 12.00
# Visual Studio Version 17
VisualStudioVersion = 17.5.33530.505
MinimumVisualStudioVersion = 10.0.40219.1
Project("{FAE04EC0-301F-11D3-BF4B-00C04F79EFBC}") = "ListagemAluguelQuartos", "ListagemAluguelQuartos\ListagemAluguelQuartos.csproj", "{08112255-77BB-4F28-86F4-D5F9DB28C3B1}"
EndProject
Global
	GlobalSection(SolutionConfigurationPlatforms) = preSolution
		Debug|Any CPU = Debug|Any CPU
		Release|Any CPU = Release|Any CPU
	EndGlobalSection
	GlobalSection(ProjectConfigurationPlatforms) = postSolution
		{08112255-77BB-4F28-86F4-D5F9DB28C3B1}.Debug|Any CPU.ActiveCfg = Debug|Any CPU
		{08112255-77BB-4F28-86F4-D5F9DB28C3B1}.Debug|Any CPU.Build.0 = Debug|Any CPU
		{08112255-77BB-4F28-86F4-D5F9DB28C3B1}.Release|Any CPU.ActiveCfg = Release|Any CPU
		{08112255-77BB-4F28-86F4-D5F9DB28C3B1}.Release|Any CPU.Build.0 = Release|Any CPU
	EndGlobalSection
	GlobalSection(SolutionProperties) = preSolution
		HideSolutionNode = FALSE
	EndGlobalSection
	GlobalSection(ExtensibilityGlobals) = postSolution
		SolutionGuid = {B2D96B50-241E-4F8C-8498-966EA44B515B}
	EndGlobalSection
EndGlobal
