
Microsoft Visual Studio Solution File, Format Version 12.00
# Visual Studio Version 17
VisualStudioVersion = 17.5.33530.505
MinimumVisualStudioVersion = 10.0.40219.1
Project("{FAE04EC0-301F-11D3-BF4B-00C04F79EFBC}") = "enumeracoes", "enumeracoes\enumeracoes.csproj", "{C28CDECA-BCC4-45F8-AEE5-95C665ACBF06}"
EndProject
Global
	GlobalSection(SolutionConfigurationPlatforms) = preSolution
		Debug|Any CPU = Debug|Any CPU
		Release|Any CPU = Release|Any CPU
	EndGlobalSection
	GlobalSection(ProjectConfigurationPlatforms) = postSolution
		{C28CDECA-BCC4-45F8-AEE5-95C665ACBF06}.Debug|Any CPU.ActiveCfg = Debug|Any CPU
		{C28CDECA-BCC4-45F8-AEE5-95C665ACBF06}.Debug|Any CPU.Build.0 = Debug|Any CPU
		{C28CDECA-BCC4-45F8-AEE5-95C665ACBF06}.Release|Any CPU.ActiveCfg = Release|Any CPU
		{C28CDECA-BCC4-45F8-AEE5-95C665ACBF06}.Release|Any CPU.Build.0 = Release|Any CPU
	EndGlobalSection
	GlobalSection(SolutionProperties) = preSolution
		HideSolutionNode = FALSE
	EndGlobalSection
	GlobalSection(ExtensibilityGlobals) = postSolution
		SolutionGuid = {D2F5EFF7-CCFC-407B-AB2D-E5F90080B8B2}
	EndGlobalSection
EndGlobal
